Microsoft Visual Studio Solution File, Format Version 12.00
# Visual Studio Version 17
VisualStudioVersion = 17.5.2.0
MinimumVisualStudioVersion = 10.0.40219.1
Project("{FAE04EC0-301F-11D3-BF4B-00C04F79EFBC}") = "RedbullAPI", "RedbullAPI.csproj", "{0E609C81-8356-E233-27AA-B9F3A22824D3}"
EndProject
Global
	GlobalSection(SolutionConfigurationPlatforms) = preSolution
		Debug|Any CPU = Debug|Any CPU
		Release|Any CPU = Release|Any CPU
	EndGlobalSection
	GlobalSection(ProjectConfigurationPlatforms) = postSolution
		{0E609C81-8356-E233-27AA-B9F3A22824D3}.Debug|Any CPU.ActiveCfg = Debug|Any CPU
		{0E609C81-8356-E233-27AA-B9F3A22824D3}.Debug|Any CPU.Build.0 = Debug|Any CPU
		{0E609C81-8356-E233-27AA-B9F3A22824D3}.Release|Any CPU.ActiveCfg = Release|Any CPU
		{0E609C81-8356-E233-27AA-B9F3A22824D3}.Release|Any CPU.Build.0 = Release|Any CPU
	EndGlobalSection
	GlobalSection(SolutionProperties) = preSolution
		HideSolutionNode = FALSE
	EndGlobalSection
	GlobalSection(ExtensibilityGlobals) = postSolution
		SolutionGuid = {B5BEDD5B-BF20-48C9-A789-75BA5BC5B488}
	EndGlobalSection
EndGlobal
